
Microsoft Visual Studio Solution File, Format Version 12.00
# Visual Studio 15
Project("{FAE04EC0-301F-11D3-BF4B-00C04F79EFBC}") = "UnityEngine.UI", "UnityEngine.UI.csproj", "{4BDE9BB5-D226-C2CA-7414-C7F653939985}"
EndProject
Project("{FAE04EC0-301F-11D3-BF4B-00C04F79EFBC}") = "UnityEngine.TestRunner", "UnityEngine.TestRunner.csproj", "{47DF99F9-D8E1-A3D6-3CAD-1208B4EE55AA}"
EndProject
Project("{FAE04EC0-301F-11D3-BF4B-00C04F79EFBC}") = "Unity.Mathematics", "Unity.Mathematics.csproj", "{5C2D29F1-CC69-86F5-E9B2-D55574421717}"
EndProject
Project("{FAE04EC0-301F-11D3-BF4B-00C04F79EFBC}") = "Unity.2D.Animation.Triangle.Runtime", "Unity.2D.Animation.Triangle.Runtime.csproj", "{37DE3403-16CC-6514-552B-9BDD5A17D131}"
EndProject
Project("{FAE04EC0-301F-11D3-BF4B-00C04F79EFBC}") = "Unity.Timeline", "Unity.Timeline.csproj", "{8B0D9428-2934-4C6D-4A9A-5CEDA1220E8D}"
EndProject
Project("{FAE04EC0-301F-11D3-BF4B-00C04F79EFBC}") = "Assembly-CSharp", "Assembly-CSharp.csproj", "{5817AEB3-3132-8A6A-D788-FFD1B84C48BE}"
EndProject
Project("{FAE04EC0-301F-11D3-BF4B-00C04F79EFBC}") = "Unity.TextMeshPro", "Unity.TextMeshPro.csproj", "{67FAC403-2170-1AC1-C3A0-3226D6D2622D}"
EndProject
Project("{FAE04EC0-301F-11D3-BF4B-00C04F79EFBC}") = "Unity.2D.Animation.Runtime", "Unity.2D.Animation.Runtime.csproj", "{CFA39B17-B397-CF51-625F-AC2B19976D7F}"
EndProject
Project("{FAE04EC0-301F-11D3-BF4B-00C04F79EFBC}") = "Unity.2D.IK.Runtime", "Unity.2D.IK.Runtime.csproj", "{4407D95B-6C38-D204-A87F-0CC8573745AD}"
EndProject
Project("{FAE04EC0-301F-11D3-BF4B-00C04F79EFBC}") = "Unity.2D.SpriteShape.Runtime", "Unity.2D.SpriteShape.Runtime.csproj", "{BE3004F9-27DC-657E-F1BF-695376FB8CEE}"
EndProject
Project("{FAE04EC0-301F-11D3-BF4B-00C04F79EFBC}") = "Unity.2D.PixelPerfect", "Unity.2D.PixelPerfect.csproj", "{2AB87BDB-A737-1D91-ED2C-F2C648C98378}"
EndProject
Project("{FAE04EC0-301F-11D3-BF4B-00C04F79EFBC}") = "Unity.2D.Common.Runtime", "Unity.2D.Common.Runtime.csproj", "{F1E4B7AD-762A-F706-CD7A-D6663469D90E}"
EndProject
Project("{FAE04EC0-301F-11D3-BF4B-00C04F79EFBC}") = "Unity.InternalAPIEngineBridge.001", "Unity.InternalAPIEngineBridge.001.csproj", "{A6006119-759A-8826-2CB6-52C0A4003724}"
EndProject
Project("{FAE04EC0-301F-11D3-BF4B-00C04F79EFBC}") = "UnityEditor.TestRunner", "UnityEditor.TestRunner.csproj", "{767FDA0C-C9DE-7DCF-7666-7CE5C6DA87FC}"
EndProject
Project("{FAE04EC0-301F-11D3-BF4B-00C04F79EFBC}") = "Unity.PlasticSCM.Editor", "Unity.PlasticSCM.Editor.csproj", "{CFDBE7CD-0BE9-286C-92BD-621061447654}"
EndProject
Project("{FAE04EC0-301F-11D3-BF4B-00C04F79EFBC}") = "UnityEditor.UI", "UnityEditor.UI.csproj", "{C71DA42A-36AB-C24F-2918-FE2F2ABB0138}"
EndProject
Project("{FAE04EC0-301F-11D3-BF4B-00C04F79EFBC}") = "Unity.Services.Core.Editor", "Unity.Services.Core.Editor.csproj", "{8A046ADB-E58D-F962-57DD-F8EFAA389140}"
EndProject
Project("{FAE04EC0-301F-11D3-BF4B-00C04F79EFBC}") = "Unity.Timeline.Editor", "Unity.Timeline.Editor.csproj", "{5DCCE159-5F58-6E03-FFB6-5A75127F5AC7}"
EndProject
Project("{FAE04EC0-301F-11D3-BF4B-00C04F79EFBC}") = "Unity.VisualStudio.Editor", "Unity.VisualStudio.Editor.csproj", "{B73C9688-90B6-0BAA-FEE6-857EEC92620B}"
EndProject
Project("{FAE04EC0-301F-11D3-BF4B-00C04F79EFBC}") = "Unity.2D.Psdimporter.Editor", "Unity.2D.Psdimporter.Editor.csproj", "{604E7508-9806-B373-72D2-6347D61C3763}"
EndProject
Project("{FAE04EC0-301F-11D3-BF4B-00C04F79EFBC}") = "Unity.2D.Animation.Editor", "Unity.2D.Animation.Editor.csproj", "{C544C7E7-1159-2FA4-0EE7-73688697F1F6}"
EndProject
Project("{FAE04EC0-301F-11D3-BF4B-00C04F79EFBC}") = "Unity.TextMeshPro.Editor", "Unity.TextMeshPro.Editor.csproj", "{1942632F-521C-061D-BB9D-B02C922264CF}"
EndProject
Project("{FAE04EC0-301F-11D3-BF4B-00C04F79EFBC}") = "Unity.2D.SpriteShape.Editor", "Unity.2D.SpriteShape.Editor.csproj", "{12022F96-1930-F775-3157-2677C664C5E9}"
EndProject
Project("{FAE04EC0-301F-11D3-BF4B-00C04F79EFBC}") = "Unity.CollabProxy.Editor", "Unity.CollabProxy.Editor.csproj", "{330EBC0A-28A2-D757-4A88-506568AD428C}"
EndProject
Project("{FAE04EC0-301F-11D3-BF4B-00C04F79EFBC}") = "PsdPlugin", "PsdPlugin.csproj", "{B6F6C3D8-8438-2B8D-2B04-0D92EED75E97}"
EndProject
Project("{FAE04EC0-301F-11D3-BF4B-00C04F79EFBC}") = "Unity.2D.Path.Editor", "Unity.2D.Path.Editor.csproj", "{818C8CF7-0BA1-1D8E-3E22-6692C90E028B}"
EndProject
Project("{FAE04EC0-301F-11D3-BF4B-00C04F79EFBC}") = "Unity.Rider.Editor", "Unity.Rider.Editor.csproj", "{502CBAB9-BF77-D40C-4C86-47AA64C5F832}"
EndProject
Project("{FAE04EC0-301F-11D3-BF4B-00C04F79EFBC}") = "Unity.2D.IK.Editor", "Unity.2D.IK.Editor.csproj", "{4693B2B2-3CBE-F9F1-7296-1CDED8578D90}"
EndProject
Project("{FAE04EC0-301F-11D3-BF4B-00C04F79EFBC}") = "Unity.2D.Sprite.Editor", "Unity.2D.Sprite.Editor.csproj", "{0E1CD739-A0E6-F9C0-23F7-24ADFDDE2D10}"
EndProject
Project("{FAE04EC0-301F-11D3-BF4B-00C04F79EFBC}") = "Unity.2D.Tilemap.Editor", "Unity.2D.Tilemap.Editor.csproj", "{8BC62D85-0BCD-8F49-CF50-68B320D397A4}"
EndProject
Project("{FAE04EC0-301F-11D3-BF4B-00C04F79EFBC}") = "Unity.2D.PixelPerfect.Editor", "Unity.2D.PixelPerfect.Editor.csproj", "{64CA0C99-CCCD-18EC-D9F0-13FE38CD1D41}"
EndProject
Project("{FAE04EC0-301F-11D3-BF4B-00C04F79EFBC}") = "Unity.VSCode.Editor", "Unity.VSCode.Editor.csproj", "{D6934A5C-3E9E-CE62-5FD2-1DF5B1606312}"
EndProject
Project("{FAE04EC0-301F-11D3-BF4B-00C04F79EFBC}") = "Unity.2D.Common.Editor", "Unity.2D.Common.Editor.csproj", "{ED3CB4AF-8953-B870-87CD-492D465D67F9}"
EndProject
Project("{FAE04EC0-301F-11D3-BF4B-00C04F79EFBC}") = "Unity.Mathematics.Editor", "Unity.Mathematics.Editor.csproj", "{EE646EE8-99AF-789C-240F-DCAD594D9848}"
EndProject
Project("{FAE04EC0-301F-11D3-BF4B-00C04F79EFBC}") = "Unity.InternalAPIEditorBridge.001", "Unity.InternalAPIEditorBridge.001.csproj", "{2262EA85-3B97-EF14-9628-EEF108DBAEE8}"
EndProject
Global
	GlobalSection(SolutionConfigurationPlatforms) = preSolution
		Debug|Any CPU = Debug|Any CPU
		Release|Any CPU = Release|Any CPU
	EndGlobalSection
	GlobalSection(ProjectConfigurationPlatforms) = postSolution
		{4BDE9BB5-D226-C2CA-7414-C7F653939985}.Debug|Any CPU.ActiveCfg = Debug|Any CPU
		{4BDE9BB5-D226-C2CA-7414-C7F653939985}.Debug|Any CPU.Build.0 = Debug|Any CPU
		{4BDE9BB5-D226-C2CA-7414-C7F653939985}.Release|Any CPU.ActiveCfg = Release|Any CPU
		{4BDE9BB5-D226-C2CA-7414-C7F653939985}.Release|Any CPU.Build.0 = Release|Any CPU
		{47DF99F9-D8E1-A3D6-3CAD-1208B4EE55AA}.Debug|Any CPU.ActiveCfg = Debug|Any CPU
		{47DF99F9-D8E1-A3D6-3CAD-1208B4EE55AA}.Debug|Any CPU.Build.0 = Debug|Any CPU
		{47DF99F9-D8E1-A3D6-3CAD-1208B4EE55AA}.Release|Any CPU.ActiveCfg = Release|Any CPU
		{47DF99F9-D8E1-A3D6-3CAD-1208B4EE55AA}.Release|Any CPU.Build.0 = Release|Any CPU
		{5C2D29F1-CC69-86F5-E9B2-D55574421717}.Debug|Any CPU.ActiveCfg = Debug|Any CPU
		{5C2D29F1-CC69-86F5-E9B2-D55574421717}.Debug|Any CPU.Build.0 = Debug|Any CPU
		{5C2D29F1-CC69-86F5-E9B2-D55574421717}.Release|Any CPU.ActiveCfg = Release|Any CPU
		{5C2D29F1-CC69-86F5-E9B2-D55574421717}.Release|Any CPU.Build.0 = Release|Any CPU
		{37DE3403-16CC-6514-552B-9BDD5A17D131}.Debug|Any CPU.ActiveCfg = Debug|Any CPU
		{37DE3403-16CC-6514-552B-9BDD5A17D131}.Debug|Any CPU.Build.0 = Debug|Any CPU
		{37DE3403-16CC-6514-552B-9BDD5A17D131}.Release|Any CPU.ActiveCfg = Release|Any CPU
		{37DE3403-16CC-6514-552B-9BDD5A17D131}.Release|Any CPU.Build.0 = Release|Any CPU
		{8B0D9428-2934-4C6D-4A9A-5CEDA1220E8D}.Debug|Any CPU.ActiveCfg = Debug|Any CPU
		{8B0D9428-2934-4C6D-4A9A-5CEDA1220E8D}.Debug|Any CPU.Build.0 = Debug|Any CPU
		{8B0D9428-2934-4C6D-4A9A-5CEDA1220E8D}.Release|Any CPU.ActiveCfg = Release|Any CPU
		{8B0D9428-2934-4C6D-4A9A-5CEDA1220E8D}.Release|Any CPU.Build.0 = Release|Any CPU
		{5817AEB3-3132-8A6A-D788-FFD1B84C48BE}.Debug|Any CPU.ActiveCfg = Debug|Any CPU
		{5817AEB3-3132-8A6A-D788-FFD1B84C48BE}.Debug|Any CPU.Build.0 = Debug|Any CPU
		{5817AEB3-3132-8A6A-D788-FFD1B84C48BE}.Release|Any CPU.ActiveCfg = Release|Any CPU
		{5817AEB3-3132-8A6A-D788-FFD1B84C48BE}.Release|Any CPU.Build.0 = Release|Any CPU
		{67FAC403-2170-1AC1-C3A0-3226D6D2622D}.Debug|Any CPU.ActiveCfg = Debug|Any CPU
		{67FAC403-2170-1AC1-C3A0-3226D6D2622D}.Debug|Any CPU.Build.0 = Debug|Any CPU
		{67FAC403-2170-1AC1-C3A0-3226D6D2622D}.Release|Any CPU.ActiveCfg = Release|Any CPU
		{67FAC403-2170-1AC1-C3A0-3226D6D2622D}.Release|Any CPU.Build.0 = Release|Any CPU
		{CFA39B17-B397-CF51-625F-AC2B19976D7F}.Debug|Any CPU.ActiveCfg = Debug|Any CPU
		{CFA39B17-B397-CF51-625F-AC2B19976D7F}.Debug|Any CPU.Build.0 = Debug|Any CPU
		{CFA39B17-B397-CF51-625F-AC2B19976D7F}.Release|Any CPU.ActiveCfg = Release|Any CPU
		{CFA39B17-B397-CF51-625F-AC2B19976D7F}.Release|Any CPU.Build.0 = Release|Any CPU
		{4407D95B-6C38-D204-A87F-0CC8573745AD}.Debug|Any CPU.ActiveCfg = Debug|Any CPU
		{4407D95B-6C38-D204-A87F-0CC8573745AD}.Debug|Any CPU.Build.0 = Debug|Any CPU
		{4407D95B-6C38-D204-A87F-0CC8573745AD}.Release|Any CPU.ActiveCfg = Release|Any CPU
		{4407D95B-6C38-D204-A87F-0CC8573745AD}.Release|Any CPU.Build.0 = Release|Any CPU
		{BE3004F9-27DC-657E-F1BF-695376FB8CEE}.Debug|Any CPU.ActiveCfg = Debug|Any CPU
		{BE3004F9-27DC-657E-F1BF-695376FB8CEE}.Debug|Any CPU.Build.0 = Debug|Any CPU
		{BE3004F9-27DC-657E-F1BF-695376FB8CEE}.Release|Any CPU.ActiveCfg = Release|Any CPU
		{BE3004F9-27DC-657E-F1BF-695376FB8CEE}.Release|Any CPU.Build.0 = Release|Any CPU
		{2AB87BDB-A737-1D91-ED2C-F2C648C98378}.Debug|Any CPU.ActiveCfg = Debug|Any CPU
		{2AB87BDB-A737-1D91-ED2C-F2C648C98378}.Debug|Any CPU.Build.0 = Debug|Any CPU
		{2AB87BDB-A737-1D91-ED2C-F2C648C98378}.Release|Any CPU.ActiveCfg = Release|Any CPU
		{2AB87BDB-A737-1D91-ED2C-F2C648C98378}.Release|Any CPU.Build.0 = Release|Any CPU
		{F1E4B7AD-762A-F706-CD7A-D6663469D90E}.Debug|Any CPU.ActiveCfg = Debug|Any CPU
		{F1E4B7AD-762A-F706-CD7A-D6663469D90E}.Debug|Any CPU.Build.0 = Debug|Any CPU
		{F1E4B7AD-762A-F706-CD7A-D6663469D90E}.Release|Any CPU.ActiveCfg = Release|Any CPU
		{F1E4B7AD-762A-F706-CD7A-D6663469D90E}.Release|Any CPU.Build.0 = Release|Any CPU
		{A6006119-759A-8826-2CB6-52C0A4003724}.Debug|Any CPU.ActiveCfg = Debug|Any CPU
		{A6006119-759A-8826-2CB6-52C0A4003724}.Debug|Any CPU.Build.0 = Debug|Any CPU
		{A6006119-759A-8826-2CB6-52C0A4003724}.Release|Any CPU.ActiveCfg = Release|Any CPU
		{A6006119-759A-8826-2CB6-52C0A4003724}.Release|Any CPU.Build.0 = Release|Any CPU
		{767FDA0C-C9DE-7DCF-7666-7CE5C6DA87FC}.Debug|Any CPU.ActiveCfg = Debug|Any CPU
		{767FDA0C-C9DE-7DCF-7666-7CE5C6DA87FC}.Debug|Any CPU.Build.0 = Debug|Any CPU
		{767FDA0C-C9DE-7DCF-7666-7CE5C6DA87FC}.Release|Any CPU.ActiveCfg = Release|Any CPU
		{767FDA0C-C9DE-7DCF-7666-7CE5C6DA87FC}.Release|Any CPU.Build.0 = Release|Any CPU
		{CFDBE7CD-0BE9-286C-92BD-621061447654}.Debug|Any CPU.ActiveCfg = Debug|Any CPU
		{CFDBE7CD-0BE9-286C-92BD-621061447654}.Debug|Any CPU.Build.0 = Debug|Any CPU
		{CFDBE7CD-0BE9-286C-92BD-621061447654}.Release|Any CPU.ActiveCfg = Release|Any CPU
		{CFDBE7CD-0BE9-286C-92BD-621061447654}.Release|Any CPU.Build.0 = Release|Any CPU
		{C71DA42A-36AB-C24F-2918-FE2F2ABB0138}.Debug|Any CPU.ActiveCfg = Debug|Any CPU
		{C71DA42A-36AB-C24F-2918-FE2F2ABB0138}.Debug|Any CPU.Build.0 = Debug|Any CPU
		{C71DA42A-36AB-C24F-2918-FE2F2ABB0138}.Release|Any CPU.ActiveCfg = Release|Any CPU
		{C71DA42A-36AB-C24F-2918-FE2F2ABB0138}.Release|Any CPU.Build.0 = Release|Any CPU
		{8A046ADB-E58D-F962-57DD-F8EFAA389140}.Debug|Any CPU.ActiveCfg = Debug|Any CPU
		{8A046ADB-E58D-F962-57DD-F8EFAA389140}.Debug|Any CPU.Build.0 = Debug|Any CPU
		{8A046ADB-E58D-F962-57DD-F8EFAA389140}.Release|Any CPU.ActiveCfg = Release|Any CPU
		{8A046ADB-E58D-F962-57DD-F8EFAA389140}.Release|Any CPU.Build.0 = Release|Any CPU
		{5DCCE159-5F58-6E03-FFB6-5A75127F5AC7}.Debug|Any CPU.ActiveCfg = Debug|Any CPU
		{5DCCE159-5F58-6E03-FFB6-5A75127F5AC7}.Debug|Any CPU.Build.0 = Debug|Any CPU
		{5DCCE159-5F58-6E03-FFB6-5A75127F5AC7}.Release|Any CPU.ActiveCfg = Release|Any CPU
		{5DCCE159-5F58-6E03-FFB6-5A75127F5AC7}.Release|Any CPU.Build.0 = Release|Any CPU
		{B73C9688-90B6-0BAA-FEE6-857EEC92620B}.Debug|Any CPU.ActiveCfg = Debug|Any CPU
		{B73C9688-90B6-0BAA-FEE6-857EEC92620B}.Debug|Any CPU.Build.0 = Debug|Any CPU
		{B73C9688-90B6-0BAA-FEE6-857EEC92620B}.Release|Any CPU.ActiveCfg = Release|Any CPU
		{B73C9688-90B6-0BAA-FEE6-857EEC92620B}.Release|Any CPU.Build.0 = Release|Any CPU
		{604E7508-9806-B373-72D2-6347D61C3763}.Debug|Any CPU.ActiveCfg = Debug|Any CPU
		{604E7508-9806-B373-72D2-6347D61C3763}.Debug|Any CPU.Build.0 = Debug|Any CPU
		{604E7508-9806-B373-72D2-6347D61C3763}.Release|Any CPU.ActiveCfg = Release|Any CPU
		{604E7508-9806-B373-72D2-6347D61C3763}.Release|Any CPU.Build.0 = Release|Any CPU
		{C544C7E7-1159-2FA4-0EE7-73688697F1F6}.Debug|Any CPU.ActiveCfg = Debug|Any CPU
		{C544C7E7-1159-2FA4-0EE7-73688697F1F6}.Debug|Any CPU.Build.0 = Debug|Any CPU
		{C544C7E7-1159-2FA4-0EE7-73688697F1F6}.Release|Any CPU.ActiveCfg = Release|Any CPU
		{C544C7E7-1159-2FA4-0EE7-73688697F1F6}.Release|Any CPU.Build.0 = Release|Any CPU
		{1942632F-521C-061D-BB9D-B02C922264CF}.Debug|Any CPU.ActiveCfg = Debug|Any CPU
		{1942632F-521C-061D-BB9D-B02C922264CF}.Debug|Any CPU.Build.0 = Debug|Any CPU
		{1942632F-521C-061D-BB9D-B02C922264CF}.Release|Any CPU.ActiveCfg = Release|Any CPU
		{1942632F-521C-061D-BB9D-B02C922264CF}.Release|Any CPU.Build.0 = Release|Any CPU
		{12022F96-1930-F775-3157-2677C664C5E9}.Debug|Any CPU.ActiveCfg = Debug|Any CPU
		{12022F96-1930-F775-3157-2677C664C5E9}.Debug|Any CPU.Build.0 = Debug|Any CPU
		{12022F96-1930-F775-3157-2677C664C5E9}.Release|Any CPU.ActiveCfg = Release|Any CPU
		{12022F96-1930-F775-3157-2677C664C5E9}.Release|Any CPU.Build.0 = Release|Any CPU
		{330EBC0A-28A2-D757-4A88-506568AD428C}.Debug|Any CPU.ActiveCfg = Debug|Any CPU
		{330EBC0A-28A2-D757-4A88-506568AD428C}.Debug|Any CPU.Build.0 = Debug|Any CPU
		{330EBC0A-28A2-D757-4A88-506568AD428C}.Release|Any CPU.ActiveCfg = Release|Any CPU
		{330EBC0A-28A2-D757-4A88-506568AD428C}.Release|Any CPU.Build.0 = Release|Any CPU
		{B6F6C3D8-8438-2B8D-2B04-0D92EED75E97}.Debug|Any CPU.ActiveCfg = Debug|Any CPU
		{B6F6C3D8-8438-2B8D-2B04-0D92EED75E97}.Debug|Any CPU.Build.0 = Debug|Any CPU
		{B6F6C3D8-8438-2B8D-2B04-0D92EED75E97}.Release|Any CPU.ActiveCfg = Release|Any CPU
		{B6F6C3D8-8438-2B8D-2B04-0D92EED75E97}.Release|Any CPU.Build.0 = Release|Any CPU
		{818C8CF7-0BA1-1D8E-3E22-6692C90E028B}.Debug|Any CPU.ActiveCfg = Debug|Any CPU
		{818C8CF7-0BA1-1D8E-3E22-6692C90E028B}.Debug|Any CPU.Build.0 = Debug|Any CPU
		{818C8CF7-0BA1-1D8E-3E22-6692C90E028B}.Release|Any CPU.ActiveCfg = Release|Any CPU
		{818C8CF7-0BA1-1D8E-3E22-6692C90E028B}.Release|Any CPU.Build.0 = Release|Any CPU
		{502CBAB9-BF77-D40C-4C86-47AA64C5F832}.Debug|Any CPU.ActiveCfg = Debug|Any CPU
		{502CBAB9-BF77-D40C-4C86-47AA64C5F832}.Debug|Any CPU.Build.0 = Debug|Any CPU
		{502CBAB9-BF77-D40C-4C86-47AA64C5F832}.Release|Any CPU.ActiveCfg = Release|Any CPU
		{502CBAB9-BF77-D40C-4C86-47AA64C5F832}.Release|Any CPU.Build.0 = Release|Any CPU
		{4693B2B2-3CBE-F9F1-7296-1CDED8578D90}.Debug|Any CPU.ActiveCfg = Debug|Any CPU
		{4693B2B2-3CBE-F9F1-7296-1CDED8578D90}.Debug|Any CPU.Build.0 = Debug|Any CPU
		{4693B2B2-3CBE-F9F1-7296-1CDED8578D90}.Release|Any CPU.ActiveCfg = Release|Any CPU
		{4693B2B2-3CBE-F9F1-7296-1CDED8578D90}.Release|Any CPU.Build.0 = Release|Any CPU
		{0E1CD739-A0E6-F9C0-23F7-24ADFDDE2D10}.Debug|Any CPU.ActiveCfg = Debug|Any CPU
		{0E1CD739-A0E6-F9C0-23F7-24ADFDDE2D10}.Debug|Any CPU.Build.0 = Debug|Any CPU
		{0E1CD739-A0E6-F9C0-23F7-24ADFDDE2D10}.Release|Any CPU.ActiveCfg = Release|Any CPU
		{0E1CD739-A0E6-F9C0-23F7-24ADFDDE2D10}.Release|Any CPU.Build.0 = Release|Any CPU
		{8BC62D85-0BCD-8F49-CF50-68B320D397A4}.Debug|Any CPU.ActiveCfg = Debug|Any CPU
		{8BC62D85-0BCD-8F49-CF50-68B320D397A4}.Debug|Any CPU.Build.0 = Debug|Any CPU
		{8BC62D85-0BCD-8F49-CF50-68B320D397A4}.Release|Any CPU.ActiveCfg = Release|Any CPU
		{8BC62D85-0BCD-8F49-CF50-68B320D397A4}.Release|Any CPU.Build.0 = Release|Any CPU
		{64CA0C99-CCCD-18EC-D9F0-13FE38CD1D41}.Debug|Any CPU.ActiveCfg = Debug|Any CPU
		{64CA0C99-CCCD-18EC-D9F0-13FE38CD1D41}.Debug|Any CPU.Build.0 = Debug|Any CPU
		{64CA0C99-CCCD-18EC-D9F0-13FE38CD1D41}.Release|Any CPU.ActiveCfg = Release|Any CPU
		{64CA0C99-CCCD-18EC-D9F0-13FE38CD1D41}.Release|Any CPU.Build.0 = Release|Any CPU
		{D6934A5C-3E9E-CE62-5FD2-1DF5B1606312}.Debug|Any CPU.ActiveCfg = Debug|Any CPU
		{D6934A5C-3E9E-CE62-5FD2-1DF5B1606312}.Debug|Any CPU.Build.0 = Debug|Any CPU
		{D6934A5C-3E9E-CE62-5FD2-1DF5B1606312}.Release|Any CPU.ActiveCfg = Release|Any CPU
		{D6934A5C-3E9E-CE62-5FD2-1DF5B1606312}.Release|Any CPU.Build.0 = Release|Any CPU
		{ED3CB4AF-8953-B870-87CD-492D465D67F9}.Debug|Any CPU.ActiveCfg = Debug|Any CPU
		{ED3CB4AF-8953-B870-87CD-492D465D67F9}.Debug|Any CPU.Build.0 = Debug|Any CPU
		{ED3CB4AF-8953-B870-87CD-492D465D67F9}.Release|Any CPU.ActiveCfg = Release|Any CPU
		{ED3CB4AF-8953-B870-87CD-492D465D67F9}.Release|Any CPU.Build.0 = Release|Any CPU
		{EE646EE8-99AF-789C-240F-DCAD594D9848}.Debug|Any CPU.ActiveCfg = Debug|Any CPU
		{EE646EE8-99AF-789C-240F-DCAD594D9848}.Debug|Any CPU.Build.0 = Debug|Any CPU
		{EE646EE8-99AF-789C-240F-DCAD594D9848}.Release|Any CPU.ActiveCfg = Release|Any CPU
		{EE646EE8-99AF-789C-240F-DCAD594D9848}.Release|Any CPU.Build.0 = Release|Any CPU
		{2262EA85-3B97-EF14-9628-EEF108DBAEE8}.Debug|Any CPU.ActiveCfg = Debug|Any CPU
		{2262EA85-3B97-EF14-9628-EEF108DBAEE8}.Debug|Any CPU.Build.0 = Debug|Any CPU
		{2262EA85-3B97-EF14-9628-EEF108DBAEE8}.Release|Any CPU.ActiveCfg = Release|Any CPU
		{2262EA85-3B97-EF14-9628-EEF108DBAEE8}.Release|Any CPU.Build.0 = Release|Any CPU
	EndGlobalSection
	GlobalSection(SolutionProperties) = preSolution
		HideSolutionNode = FALSE
	EndGlobalSection
EndGlobal
